
Microsoft Visual Studio Solution File, Format Version 12.00
# Visual Studio Version 17
VisualStudioVersion = 17.14.37216.2
MinimumVisualStudioVersion = 10.0.40219.1
Project("{FAE04EC0-301F-11D3-BF4B-00C04F79EFBC}") = "TernaryTraining", "training\TernaryTraining.csproj", "{1C4F0FDC-08F1-40B7-9AC7-64869CD94268}"
EndProject
Project("{FAE04EC0-301F-11D3-BF4B-00C04F79EFBC}") = "TernaryInference", "inference\TernaryInference.csproj", "{6D8DBBA4-CBA2-4D52-BCE2-6C71E0B06CD7}"
EndProject
Global
	GlobalSection(SolutionConfigurationPlatforms) = preSolution
		Debug|Any CPU = Debug|Any CPU
		Debug|x64 = Debug|x64
		Debug|x86 = Debug|x86
		Release|Any CPU = Release|Any CPU
		Release|x64 = Release|x64
		Release|x86 = Release|x86
	EndGlobalSection
	GlobalSection(ProjectConfigurationPlatforms) = postSolution
		{1C4F0FDC-08F1-40B7-9AC7-64869CD94268}.Debug|Any CPU.ActiveCfg = Debug|Any CPU
		{1C4F0FDC-08F1-40B7-9AC7-64869CD94268}.Debug|Any CPU.Build.0 = Debug|Any CPU
		{1C4F0FDC-08F1-40B7-9AC7-64869CD94268}.Debug|x64.ActiveCfg = Debug|Any CPU
		{1C4F0FDC-08F1-40B7-9AC7-64869CD94268}.Debug|x64.Build.0 = Debug|Any CPU
		{1C4F0FDC-08F1-40B7-9AC7-64869CD94268}.Debug|x86.ActiveCfg = Debug|Any CPU
		{1C4F0FDC-08F1-40B7-9AC7-64869CD94268}.Debug|x86.Build.0 = Debug|Any CPU
		{1C4F0FDC-08F1-40B7-9AC7-64869CD94268}.Release|Any CPU.ActiveCfg = Release|Any CPU
		{1C4F0FDC-08F1-40B7-9AC7-64869CD94268}.Release|Any CPU.Build.0 = Release|Any CPU
		{1C4F0FDC-08F1-40B7-9AC7-64869CD94268}.Release|x64.ActiveCfg = Release|Any CPU
		{1C4F0FDC-08F1-40B7-9AC7-64869CD94268}.Release|x64.Build.0 = Release|Any CPU
		{1C4F0FDC-08F1-40B7-9AC7-64869CD94268}.Release|x86.ActiveCfg = Release|Any CPU
		{1C4F0FDC-08F1-40B7-9AC7-64869CD94268}.Release|x86.Build.0 = Release|Any CPU
		{6D8DBBA4-CBA2-4D52-BCE2-6C71E0B06CD7}.Debug|Any CPU.ActiveCfg = Debug|Any CPU
		{6D8DBBA4-CBA2-4D52-BCE2-6C71E0B06CD7}.Debug|Any CPU.Build.0 = Debug|Any CPU
		{6D8DBBA4-CBA2-4D52-BCE2-6C71E0B06CD7}.Debug|x64.ActiveCfg = Debug|Any CPU
		{6D8DBBA4-CBA2-4D52-BCE2-6C71E0B06CD7}.Debug|x64.Build.0 = Debug|Any CPU
		{6D8DBBA4-CBA2-4D52-BCE2-6C71E0B06CD7}.Debug|x86.ActiveCfg = Debug|Any CPU
		{6D8DBBA4-CBA2-4D52-BCE2-6C71E0B06CD7}.Debug|x86.Build.0 = Debug|Any CPU
		{6D8DBBA4-CBA2-4D52-BCE2-6C71E0B06CD7}.Release|Any CPU.ActiveCfg = Release|Any CPU
		{6D8DBBA4-CBA2-4D52-BCE2-6C71E0B06CD7}.Release|Any CPU.Build.0 = Release|Any CPU
		{6D8DBBA4-CBA2-4D52-BCE2-6C71E0B06CD7}.Release|x64.ActiveCfg = Release|Any CPU
		{6D8DBBA4-CBA2-4D52-BCE2-6C71E0B06CD7}.Release|x64.Build.0 = Release|Any CPU
		{6D8DBBA4-CBA2-4D52-BCE2-6C71E0B06CD7}.Release|x86.ActiveCfg = Release|Any CPU
		{6D8DBBA4-CBA2-4D52-BCE2-6C71E0B06CD7}.Release|x86.Build.0 = Release|Any CPU
	EndGlobalSection
	GlobalSection(SolutionProperties) = preSolution
		HideSolutionNode = FALSE
	EndGlobalSection
	GlobalSection(ExtensibilityGlobals) = postSolution
		SolutionGuid = {DD7E3821-95CB-47AA-907C-C39B5E629178}
	EndGlobalSection
EndGlobal
